
Microsoft Visual Studio Solution File, Format Version 12.00
# Visual Studio Version 17
VisualStudioVersion = 17.7.34202.233
MinimumVisualStudioVersion = 10.0.40219.1
Project("{9A19103F-16F7-4668-BE54-9A1E7A4F7556}") = "IntroToRepositoryMVC", "IntroToRepositoryMVC\IntroToRepositoryMVC.csproj", "{1A955D7B-9460-48F8-89AF-2B1133AFF32E}"
EndProject
Project("{FAE04EC0-301F-11D3-BF4B-00C04F79EFBC}") = "RepoPatternTests", "RepoPatternTests\RepoPatternTests.csproj", "{39B86AE9-E4EF-4CBA-A17B-7B054E64E131}"
EndProject
Global
	GlobalSection(SolutionConfigurationPlatforms) = preSolution
		Debug|Any CPU = Debug|Any CPU
		Release|Any CPU = Release|Any CPU
	EndGlobalSection
	GlobalSection(ProjectConfigurationPlatforms) = postSolution
		{1A955D7B-9460-48F8-89AF-2B1133AFF32E}.Debug|Any CPU.ActiveCfg = Debug|Any CPU
		{1A955D7B-9460-48F8-89AF-2B1133AFF32E}.Debug|Any CPU.Build.0 = Debug|Any CPU
		{1A955D7B-9460-48F8-89AF-2B1133AFF32E}.Release|Any CPU.ActiveCfg = Release|Any CPU
		{1A955D7B-9460-48F8-89AF-2B1133AFF32E}.Release|Any CPU.Build.0 = Release|Any CPU
		{39B86AE9-E4EF-4CBA-A17B-7B054E64E131}.Debug|Any CPU.ActiveCfg = Debug|Any CPU
		{39B86AE9-E4EF-4CBA-A17B-7B054E64E131}.Debug|Any CPU.Build.0 = Debug|Any CPU
		{39B86AE9-E4EF-4CBA-A17B-7B054E64E131}.Release|Any CPU.ActiveCfg = Release|Any CPU
		{39B86AE9-E4EF-4CBA-A17B-7B054E64E131}.Release|Any CPU.Build.0 = Release|Any CPU
	EndGlobalSection
	GlobalSection(SolutionProperties) = preSolution
		HideSolutionNode = FALSE
	EndGlobalSection
	GlobalSection(ExtensibilityGlobals) = postSolution
		SolutionGuid = {BA28D244-342B-47AB-AEDC-70D26CE83CF7}
	EndGlobalSection
EndGlobal
